
Microsoft Visual Studio Solution File, Format Version 12.00
# Visual Studio 16
Project("{FAE04EC0-301F-11D3-BF4B-00C04F79EFBC}") = "Assembly-CSharp", "Assembly-CSharp.csproj", "{7E41CD56-1EF4-F769-FBC0-1B0A20A1F63E}"
EndProject
Global
	GlobalSection(SolutionConfigurationPlatforms) = preSolution
		Debug|Any CPU = Debug|Any CPU
		Release|Any CPU = Release|Any CPU
	EndGlobalSection
	GlobalSection(ProjectConfigurationPlatforms) = postSolution
		{7E41CD56-1EF4-F769-FBC0-1B0A20A1F63E}.Debug|Any CPU.ActiveCfg = Debug|Any CPU
		{7E41CD56-1EF4-F769-FBC0-1B0A20A1F63E}.Debug|Any CPU.Build.0 = Debug|Any CPU
		{7E41CD56-1EF4-F769-FBC0-1B0A20A1F63E}.Release|Any CPU.ActiveCfg = Release|Any CPU
		{7E41CD56-1EF4-F769-FBC0-1B0A20A1F63E}.Release|Any CPU.Build.0 = Release|Any CPU
	EndGlobalSection
	GlobalSection(SolutionProperties) = preSolution
		HideSolutionNode = FALSE
	EndGlobalSection
EndGlobal
